
Microsoft Visual Studio Solution File, Format Version 12.00
# Visual Studio Version 17
VisualStudioVersion = 17.6.33801.468
MinimumVisualStudioVersion = 10.0.40219.1
Project("{FAE04EC0-301F-11D3-BF4B-00C04F79EFBC}") = "UDEMY_messagebox_ders-18", "UDEMY_messagebox_ders-18.csproj", "{CC2FC873-F69D-4BBF-81C2-AF1D8FAE7CA7}"
EndProject
Global
	GlobalSection(SolutionConfigurationPlatforms) = preSolution
		Debug|Any CPU = Debug|Any CPU
		Release|Any CPU = Release|Any CPU
	EndGlobalSection
	GlobalSection(ProjectConfigurationPlatforms) = postSolution
		{CC2FC873-F69D-4BBF-81C2-AF1D8FAE7CA7}.Debug|Any CPU.ActiveCfg = Debug|Any CPU
		{CC2FC873-F69D-4BBF-81C2-AF1D8FAE7CA7}.Debug|Any CPU.Build.0 = Debug|Any CPU
		{CC2FC873-F69D-4BBF-81C2-AF1D8FAE7CA7}.Release|Any CPU.ActiveCfg = Release|Any CPU
		{CC2FC873-F69D-4BBF-81C2-AF1D8FAE7CA7}.Release|Any CPU.Build.0 = Release|Any CPU
	EndGlobalSection
	GlobalSection(SolutionProperties) = preSolution
		HideSolutionNode = FALSE
	EndGlobalSection
	GlobalSection(ExtensibilityGlobals) = postSolution
		SolutionGuid = {A36347F5-8679-4EE9-829F-C3FA47C1E79E}
	EndGlobalSection
EndGlobal
