
Microsoft Visual Studio Solution File, Format Version 12.00
# Visual Studio Version 17
VisualStudioVersion = 17.6.33801.468
MinimumVisualStudioVersion = 10.0.40219.1
Project("{FAE04EC0-301F-11D3-BF4B-00C04F79EFBC}") = "Path_sınıfı_dosya_yol_işlemleri_ders_63", "Path_sınıfı_dosya_yol_işlemleri_ders_63.csproj", "{0876E774-4393-42DA-AB91-F9CE6843A29A}"
EndProject
Global
	GlobalSection(SolutionConfigurationPlatforms) = preSolution
		Debug|Any CPU = Debug|Any CPU
		Release|Any CPU = Release|Any CPU
	EndGlobalSection
	GlobalSection(ProjectConfigurationPlatforms) = postSolution
		{0876E774-4393-42DA-AB91-F9CE6843A29A}.Debug|Any CPU.ActiveCfg = Debug|Any CPU
		{0876E774-4393-42DA-AB91-F9CE6843A29A}.Debug|Any CPU.Build.0 = Debug|Any CPU
		{0876E774-4393-42DA-AB91-F9CE6843A29A}.Release|Any CPU.ActiveCfg = Release|Any CPU
		{0876E774-4393-42DA-AB91-F9CE6843A29A}.Release|Any CPU.Build.0 = Release|Any CPU
	EndGlobalSection
	GlobalSection(SolutionProperties) = preSolution
		HideSolutionNode = FALSE
	EndGlobalSection
	GlobalSection(ExtensibilityGlobals) = postSolution
		SolutionGuid = {AB0C9584-927C-419F-8BC1-B8345DB8BADE}
	EndGlobalSection
EndGlobal
