
Microsoft Visual Studio Solution File, Format Version 12.00
# Visual Studio Version 17
VisualStudioVersion = 17.6.33801.468
MinimumVisualStudioVersion = 10.0.40219.1
Project("{FAE04EC0-301F-11D3-BF4B-00C04F79EFBC}") = "form dersleri 1 hello world", "form dersleri 1 hello world.csproj", "{474C4EF8-9C97-42DB-910D-18BD0FD08F6D}"
EndProject
Global
	GlobalSection(SolutionConfigurationPlatforms) = preSolution
		Debug|Any CPU = Debug|Any CPU
		Release|Any CPU = Release|Any CPU
	EndGlobalSection
	GlobalSection(ProjectConfigurationPlatforms) = postSolution
		{474C4EF8-9C97-42DB-910D-18BD0FD08F6D}.Debug|Any CPU.ActiveCfg = Debug|Any CPU
		{474C4EF8-9C97-42DB-910D-18BD0FD08F6D}.Debug|Any CPU.Build.0 = Debug|Any CPU
		{474C4EF8-9C97-42DB-910D-18BD0FD08F6D}.Release|Any CPU.ActiveCfg = Release|Any CPU
		{474C4EF8-9C97-42DB-910D-18BD0FD08F6D}.Release|Any CPU.Build.0 = Release|Any CPU
	EndGlobalSection
	GlobalSection(SolutionProperties) = preSolution
		HideSolutionNode = FALSE
	EndGlobalSection
	GlobalSection(ExtensibilityGlobals) = postSolution
		SolutionGuid = {63AF759E-57B4-4079-A509-31259C262EBF}
	EndGlobalSection
EndGlobal
