
Microsoft Visual Studio Solution File, Format Version 12.00
# Visual Studio Version 17
VisualStudioVersion = 17.6.33801.468
MinimumVisualStudioVersion = 10.0.40219.1
Project("{FAE04EC0-301F-11D3-BF4B-00C04F79EFBC}") = "form dersleri1 hello world", "form dersleri1 hello world.csproj", "{D6AE5104-5EFE-4DBF-8464-E9DEA4BCB9BC}"
EndProject
Global
	GlobalSection(SolutionConfigurationPlatforms) = preSolution
		Debug|Any CPU = Debug|Any CPU
		Release|Any CPU = Release|Any CPU
	EndGlobalSection
	GlobalSection(ProjectConfigurationPlatforms) = postSolution
		{D6AE5104-5EFE-4DBF-8464-E9DEA4BCB9BC}.Debug|Any CPU.ActiveCfg = Debug|Any CPU
		{D6AE5104-5EFE-4DBF-8464-E9DEA4BCB9BC}.Debug|Any CPU.Build.0 = Debug|Any CPU
		{D6AE5104-5EFE-4DBF-8464-E9DEA4BCB9BC}.Release|Any CPU.ActiveCfg = Release|Any CPU
		{D6AE5104-5EFE-4DBF-8464-E9DEA4BCB9BC}.Release|Any CPU.Build.0 = Release|Any CPU
	EndGlobalSection
	GlobalSection(SolutionProperties) = preSolution
		HideSolutionNode = FALSE
	EndGlobalSection
	GlobalSection(ExtensibilityGlobals) = postSolution
		SolutionGuid = {73F40B93-B1FC-4484-A532-F6E508206D61}
	EndGlobalSection
EndGlobal
