
Microsoft Visual Studio Solution File, Format Version 12.00
# Visual Studio Version 17
VisualStudioVersion = 17.6.33801.468
MinimumVisualStudioVersion = 10.0.40219.1
Project("{FAE04EC0-301F-11D3-BF4B-00C04F79EFBC}") = "region_ders30_kodu_gizlemek", "region_ders30_kodu_gizlemek.csproj", "{98070F00-85C0-4777-9696-C8F012707810}"
EndProject
Global
	GlobalSection(SolutionConfigurationPlatforms) = preSolution
		Debug|Any CPU = Debug|Any CPU
		Release|Any CPU = Release|Any CPU
	EndGlobalSection
	GlobalSection(ProjectConfigurationPlatforms) = postSolution
		{98070F00-85C0-4777-9696-C8F012707810}.Debug|Any CPU.ActiveCfg = Debug|Any CPU
		{98070F00-85C0-4777-9696-C8F012707810}.Debug|Any CPU.Build.0 = Debug|Any CPU
		{98070F00-85C0-4777-9696-C8F012707810}.Release|Any CPU.ActiveCfg = Release|Any CPU
		{98070F00-85C0-4777-9696-C8F012707810}.Release|Any CPU.Build.0 = Release|Any CPU
	EndGlobalSection
	GlobalSection(SolutionProperties) = preSolution
		HideSolutionNode = FALSE
	EndGlobalSection
	GlobalSection(ExtensibilityGlobals) = postSolution
		SolutionGuid = {397C941E-1E6F-4A83-8DB2-86623D6F6EB5}
	EndGlobalSection
EndGlobal
