
Microsoft Visual Studio Solution File, Format Version 12.00
# Visual Studio Version 17
VisualStudioVersion = 17.6.33801.468
MinimumVisualStudioVersion = 10.0.40219.1
Project("{FAE04EC0-301F-11D3-BF4B-00C04F79EFBC}") = "OOP_Constructor_Form_ders-9", "OOP_Constructor_Form_ders-9.csproj", "{A76A5036-8726-458D-8845-85F2A010B3AE}"
EndProject
Global
	GlobalSection(SolutionConfigurationPlatforms) = preSolution
		Debug|Any CPU = Debug|Any CPU
		Release|Any CPU = Release|Any CPU
	EndGlobalSection
	GlobalSection(ProjectConfigurationPlatforms) = postSolution
		{A76A5036-8726-458D-8845-85F2A010B3AE}.Debug|Any CPU.ActiveCfg = Debug|Any CPU
		{A76A5036-8726-458D-8845-85F2A010B3AE}.Debug|Any CPU.Build.0 = Debug|Any CPU
		{A76A5036-8726-458D-8845-85F2A010B3AE}.Release|Any CPU.ActiveCfg = Release|Any CPU
		{A76A5036-8726-458D-8845-85F2A010B3AE}.Release|Any CPU.Build.0 = Release|Any CPU
	EndGlobalSection
	GlobalSection(SolutionProperties) = preSolution
		HideSolutionNode = FALSE
	EndGlobalSection
	GlobalSection(ExtensibilityGlobals) = postSolution
		SolutionGuid = {A699A8B0-1183-4FB9-B148-A8DAD861260A}
	EndGlobalSection
EndGlobal
