
Microsoft Visual Studio Solution File, Format Version 12.00
# Visual Studio Version 17
VisualStudioVersion = 17.6.33801.468
MinimumVisualStudioVersion = 10.0.40219.1
Project("{FAE04EC0-301F-11D3-BF4B-00C04F79EFBC}") = "ders_anlatıcam2", "ders_anlatıcam2.csproj", "{FB6E6F17-44E5-488E-A107-0A93EBC636D1}"
EndProject
Global
	GlobalSection(SolutionConfigurationPlatforms) = preSolution
		Debug|Any CPU = Debug|Any CPU
		Release|Any CPU = Release|Any CPU
	EndGlobalSection
	GlobalSection(ProjectConfigurationPlatforms) = postSolution
		{FB6E6F17-44E5-488E-A107-0A93EBC636D1}.Debug|Any CPU.ActiveCfg = Debug|Any CPU
		{FB6E6F17-44E5-488E-A107-0A93EBC636D1}.Debug|Any CPU.Build.0 = Debug|Any CPU
		{FB6E6F17-44E5-488E-A107-0A93EBC636D1}.Release|Any CPU.ActiveCfg = Release|Any CPU
		{FB6E6F17-44E5-488E-A107-0A93EBC636D1}.Release|Any CPU.Build.0 = Release|Any CPU
	EndGlobalSection
	GlobalSection(SolutionProperties) = preSolution
		HideSolutionNode = FALSE
	EndGlobalSection
	GlobalSection(ExtensibilityGlobals) = postSolution
		SolutionGuid = {FC52C617-149F-4D5A-8AC2-7E2E6693A572}
	EndGlobalSection
EndGlobal
