
Microsoft Visual Studio Solution File, Format Version 12.00
# Visual Studio Version 17
VisualStudioVersion = 17.6.33801.468
MinimumVisualStudioVersion = 10.0.40219.1
Project("{FAE04EC0-301F-11D3-BF4B-00C04F79EFBC}") = "katlı_sıralama_uygulaması_ders_39", "katlı_sıralama_uygulaması_ders_39.csproj", "{BA329A87-2003-497E-B686-274BC560653F}"
EndProject
Global
	GlobalSection(SolutionConfigurationPlatforms) = preSolution
		Debug|Any CPU = Debug|Any CPU
		Release|Any CPU = Release|Any CPU
	EndGlobalSection
	GlobalSection(ProjectConfigurationPlatforms) = postSolution
		{BA329A87-2003-497E-B686-274BC560653F}.Debug|Any CPU.ActiveCfg = Debug|Any CPU
		{BA329A87-2003-497E-B686-274BC560653F}.Debug|Any CPU.Build.0 = Debug|Any CPU
		{BA329A87-2003-497E-B686-274BC560653F}.Release|Any CPU.ActiveCfg = Release|Any CPU
		{BA329A87-2003-497E-B686-274BC560653F}.Release|Any CPU.Build.0 = Release|Any CPU
	EndGlobalSection
	GlobalSection(SolutionProperties) = preSolution
		HideSolutionNode = FALSE
	EndGlobalSection
	GlobalSection(ExtensibilityGlobals) = postSolution
		SolutionGuid = {3310A6BF-3712-4518-9018-6F9A24BD9854}
	EndGlobalSection
EndGlobal
