
Microsoft Visual Studio Solution File, Format Version 12.00
# Visual Studio Version 17
VisualStudioVersion = 17.6.33801.468
MinimumVisualStudioVersion = 10.0.40219.1
Project("{FAE04EC0-301F-11D3-BF4B-00C04F79EFBC}") = "Class_Property_Type_ders-16", "Class_Property_Type_ders-16.csproj", "{F471F50A-9114-4F0A-A1F2-A26FBD2BBD4C}"
EndProject
Global
	GlobalSection(SolutionConfigurationPlatforms) = preSolution
		Debug|Any CPU = Debug|Any CPU
		Release|Any CPU = Release|Any CPU
	EndGlobalSection
	GlobalSection(ProjectConfigurationPlatforms) = postSolution
		{F471F50A-9114-4F0A-A1F2-A26FBD2BBD4C}.Debug|Any CPU.ActiveCfg = Debug|Any CPU
		{F471F50A-9114-4F0A-A1F2-A26FBD2BBD4C}.Debug|Any CPU.Build.0 = Debug|Any CPU
		{F471F50A-9114-4F0A-A1F2-A26FBD2BBD4C}.Release|Any CPU.ActiveCfg = Release|Any CPU
		{F471F50A-9114-4F0A-A1F2-A26FBD2BBD4C}.Release|Any CPU.Build.0 = Release|Any CPU
	EndGlobalSection
	GlobalSection(SolutionProperties) = preSolution
		HideSolutionNode = FALSE
	EndGlobalSection
	GlobalSection(ExtensibilityGlobals) = postSolution
		SolutionGuid = {EC347DA0-778B-45DF-90AF-48686C8F764C}
	EndGlobalSection
EndGlobal
