
Microsoft Visual Studio Solution File, Format Version 12.00
# Visual Studio Version 17
VisualStudioVersion = 17.6.33801.468
MinimumVisualStudioVersion = 10.0.40219.1
Project("{FAE04EC0-301F-11D3-BF4B-00C04F79EFBC}") = "OOP_Class_Örneği", "OOP_Class_Örneği.csproj", "{ECE99275-BB06-441D-A8E5-EA38B5D4FA52}"
EndProject
Global
	GlobalSection(SolutionConfigurationPlatforms) = preSolution
		Debug|Any CPU = Debug|Any CPU
		Release|Any CPU = Release|Any CPU
	EndGlobalSection
	GlobalSection(ProjectConfigurationPlatforms) = postSolution
		{ECE99275-BB06-441D-A8E5-EA38B5D4FA52}.Debug|Any CPU.ActiveCfg = Debug|Any CPU
		{ECE99275-BB06-441D-A8E5-EA38B5D4FA52}.Debug|Any CPU.Build.0 = Debug|Any CPU
		{ECE99275-BB06-441D-A8E5-EA38B5D4FA52}.Release|Any CPU.ActiveCfg = Release|Any CPU
		{ECE99275-BB06-441D-A8E5-EA38B5D4FA52}.Release|Any CPU.Build.0 = Release|Any CPU
	EndGlobalSection
	GlobalSection(SolutionProperties) = preSolution
		HideSolutionNode = FALSE
	EndGlobalSection
	GlobalSection(ExtensibilityGlobals) = postSolution
		SolutionGuid = {B5DC3CFF-65BE-42C8-A734-50E3898AB156}
	EndGlobalSection
EndGlobal
