
Microsoft Visual Studio Solution File, Format Version 12.00
# Visual Studio Version 17
VisualStudioVersion = 17.6.33801.468
MinimumVisualStudioVersion = 10.0.40219.1
Project("{FAE04EC0-301F-11D3-BF4B-00C04F79EFBC}") = "Inheritance_(Kalıtım)", "Inheritance_(Kalıtım).csproj", "{00F3715A-FEF3-4731-94A2-FCE4B9849039}"
EndProject
Global
	GlobalSection(SolutionConfigurationPlatforms) = preSolution
		Debug|Any CPU = Debug|Any CPU
		Release|Any CPU = Release|Any CPU
	EndGlobalSection
	GlobalSection(ProjectConfigurationPlatforms) = postSolution
		{00F3715A-FEF3-4731-94A2-FCE4B9849039}.Debug|Any CPU.ActiveCfg = Debug|Any CPU
		{00F3715A-FEF3-4731-94A2-FCE4B9849039}.Debug|Any CPU.Build.0 = Debug|Any CPU
		{00F3715A-FEF3-4731-94A2-FCE4B9849039}.Release|Any CPU.ActiveCfg = Release|Any CPU
		{00F3715A-FEF3-4731-94A2-FCE4B9849039}.Release|Any CPU.Build.0 = Release|Any CPU
	EndGlobalSection
	GlobalSection(SolutionProperties) = preSolution
		HideSolutionNode = FALSE
	EndGlobalSection
	GlobalSection(ExtensibilityGlobals) = postSolution
		SolutionGuid = {96135E86-FEE7-48CF-ACF7-D9B551ABD81B}
	EndGlobalSection
EndGlobal
