
Microsoft Visual Studio Solution File, Format Version 12.00
# Visual Studio Version 17
VisualStudioVersion = 17.6.33801.468
MinimumVisualStudioVersion = 10.0.40219.1
Project("{FAE04EC0-301F-11D3-BF4B-00C04F79EFBC}") = "UDEMY_PersonelTakip_ders-73", "UDEMY_PersonelTakip_ders-73.csproj", "{23F17AF9-12F0-453E-AE48-6CF73DF13507}"
EndProject
Project("{FAE04EC0-301F-11D3-BF4B-00C04F79EFBC}") = "BLL", "..\BLL\BLL.csproj", "{729DB7CC-B2AF-4904-823B-E455A8B8BA39}"
EndProject
Project("{FAE04EC0-301F-11D3-BF4B-00C04F79EFBC}") = "DAL", "..\DAL_\DAL.csproj", "{0ADF528E-DF56-4209-BE6E-31D919BF8481}"
EndProject
Global
	GlobalSection(SolutionConfigurationPlatforms) = preSolution
		Debug|Any CPU = Debug|Any CPU
		Release|Any CPU = Release|Any CPU
	EndGlobalSection
	GlobalSection(ProjectConfigurationPlatforms) = postSolution
		{23F17AF9-12F0-453E-AE48-6CF73DF13507}.Debug|Any CPU.ActiveCfg = Debug|Any CPU
		{23F17AF9-12F0-453E-AE48-6CF73DF13507}.Debug|Any CPU.Build.0 = Debug|Any CPU
		{23F17AF9-12F0-453E-AE48-6CF73DF13507}.Release|Any CPU.ActiveCfg = Release|Any CPU
		{23F17AF9-12F0-453E-AE48-6CF73DF13507}.Release|Any CPU.Build.0 = Release|Any CPU
		{729DB7CC-B2AF-4904-823B-E455A8B8BA39}.Debug|Any CPU.ActiveCfg = Debug|Any CPU
		{729DB7CC-B2AF-4904-823B-E455A8B8BA39}.Debug|Any CPU.Build.0 = Debug|Any CPU
		{729DB7CC-B2AF-4904-823B-E455A8B8BA39}.Release|Any CPU.ActiveCfg = Release|Any CPU
		{729DB7CC-B2AF-4904-823B-E455A8B8BA39}.Release|Any CPU.Build.0 = Release|Any CPU
		{0ADF528E-DF56-4209-BE6E-31D919BF8481}.Debug|Any CPU.ActiveCfg = Debug|Any CPU
		{0ADF528E-DF56-4209-BE6E-31D919BF8481}.Debug|Any CPU.Build.0 = Debug|Any CPU
		{0ADF528E-DF56-4209-BE6E-31D919BF8481}.Release|Any CPU.ActiveCfg = Release|Any CPU
		{0ADF528E-DF56-4209-BE6E-31D919BF8481}.Release|Any CPU.Build.0 = Release|Any CPU
	EndGlobalSection
	GlobalSection(SolutionProperties) = preSolution
		HideSolutionNode = FALSE
	EndGlobalSection
	GlobalSection(ExtensibilityGlobals) = postSolution
		SolutionGuid = {D720849E-1B91-4F7F-BDE3-DCA60A4A1C2E}
	EndGlobalSection
EndGlobal
