
Microsoft Visual Studio Solution File, Format Version 12.00
# Visual Studio Version 17
VisualStudioVersion = 17.6.33801.468
MinimumVisualStudioVersion = 10.0.40219.1
Project("{FAE04EC0-301F-11D3-BF4B-00C04F79EFBC}") = "form ders 1 hello world", "form ders 1 hello world.csproj", "{9EE583A2-7CD7-4204-AD74-0EF8E59FC0FF}"
EndProject
Global
	GlobalSection(SolutionConfigurationPlatforms) = preSolution
		Debug|Any CPU = Debug|Any CPU
		Release|Any CPU = Release|Any CPU
	EndGlobalSection
	GlobalSection(ProjectConfigurationPlatforms) = postSolution
		{9EE583A2-7CD7-4204-AD74-0EF8E59FC0FF}.Debug|Any CPU.ActiveCfg = Debug|Any CPU
		{9EE583A2-7CD7-4204-AD74-0EF8E59FC0FF}.Debug|Any CPU.Build.0 = Debug|Any CPU
		{9EE583A2-7CD7-4204-AD74-0EF8E59FC0FF}.Release|Any CPU.ActiveCfg = Release|Any CPU
		{9EE583A2-7CD7-4204-AD74-0EF8E59FC0FF}.Release|Any CPU.Build.0 = Release|Any CPU
	EndGlobalSection
	GlobalSection(SolutionProperties) = preSolution
		HideSolutionNode = FALSE
	EndGlobalSection
	GlobalSection(ExtensibilityGlobals) = postSolution
		SolutionGuid = {54BB25B8-DB86-49BD-B1ED-8B5073959FF4}
	EndGlobalSection
EndGlobal
