
Microsoft Visual Studio Solution File, Format Version 12.00
# Visual Studio Version 17
VisualStudioVersion = 17.6.33801.468
MinimumVisualStudioVersion = 10.0.40219.1
Project("{FAE04EC0-301F-11D3-BF4B-00C04F79EFBC}") = "PersonelTakip", "PersonelTakip.csproj", "{1DB84BCC-A755-4E96-B528-CA9970232AC1}"
EndProject
Project("{FAE04EC0-301F-11D3-BF4B-00C04F79EFBC}") = "BLL1", "..\BLL1\BLL1.csproj", "{BB4B21C0-B1A9-4516-87D7-DFD1DD17338E}"
EndProject
Project("{FAE04EC0-301F-11D3-BF4B-00C04F79EFBC}") = "DAL1", "..\DAL1\DAL1.csproj", "{619295D3-9F51-4EB8-B739-6EC0EE4F2A01}"
EndProject
Global
	GlobalSection(SolutionConfigurationPlatforms) = preSolution
		Debug|Any CPU = Debug|Any CPU
		Release|Any CPU = Release|Any CPU
	EndGlobalSection
	GlobalSection(ProjectConfigurationPlatforms) = postSolution
		{1DB84BCC-A755-4E96-B528-CA9970232AC1}.Debug|Any CPU.ActiveCfg = Debug|Any CPU
		{1DB84BCC-A755-4E96-B528-CA9970232AC1}.Debug|Any CPU.Build.0 = Debug|Any CPU
		{1DB84BCC-A755-4E96-B528-CA9970232AC1}.Release|Any CPU.ActiveCfg = Release|Any CPU
		{1DB84BCC-A755-4E96-B528-CA9970232AC1}.Release|Any CPU.Build.0 = Release|Any CPU
		{BB4B21C0-B1A9-4516-87D7-DFD1DD17338E}.Debug|Any CPU.ActiveCfg = Debug|Any CPU
		{BB4B21C0-B1A9-4516-87D7-DFD1DD17338E}.Debug|Any CPU.Build.0 = Debug|Any CPU
		{BB4B21C0-B1A9-4516-87D7-DFD1DD17338E}.Release|Any CPU.ActiveCfg = Release|Any CPU
		{BB4B21C0-B1A9-4516-87D7-DFD1DD17338E}.Release|Any CPU.Build.0 = Release|Any CPU
		{619295D3-9F51-4EB8-B739-6EC0EE4F2A01}.Debug|Any CPU.ActiveCfg = Debug|Any CPU
		{619295D3-9F51-4EB8-B739-6EC0EE4F2A01}.Debug|Any CPU.Build.0 = Debug|Any CPU
		{619295D3-9F51-4EB8-B739-6EC0EE4F2A01}.Release|Any CPU.ActiveCfg = Release|Any CPU
		{619295D3-9F51-4EB8-B739-6EC0EE4F2A01}.Release|Any CPU.Build.0 = Release|Any CPU
	EndGlobalSection
	GlobalSection(SolutionProperties) = preSolution
		HideSolutionNode = FALSE
	EndGlobalSection
	GlobalSection(ExtensibilityGlobals) = postSolution
		SolutionGuid = {348D93FF-8B01-4019-A57C-509216843FA8}
	EndGlobalSection
EndGlobal
