
Microsoft Visual Studio Solution File, Format Version 12.00
# Visual Studio Version 17
VisualStudioVersion = 17.6.33801.468
MinimumVisualStudioVersion = 10.0.40219.1
Project("{FAE04EC0-301F-11D3-BF4B-00C04F79EFBC}") = "Inheritance_Constructor_ders-14", "Inheritance_Constructor_ders-14.csproj", "{ED62FDAB-A828-4C68-B41F-A0B65A411BE0}"
EndProject
Global
	GlobalSection(SolutionConfigurationPlatforms) = preSolution
		Debug|Any CPU = Debug|Any CPU
		Release|Any CPU = Release|Any CPU
	EndGlobalSection
	GlobalSection(ProjectConfigurationPlatforms) = postSolution
		{ED62FDAB-A828-4C68-B41F-A0B65A411BE0}.Debug|Any CPU.ActiveCfg = Debug|Any CPU
		{ED62FDAB-A828-4C68-B41F-A0B65A411BE0}.Debug|Any CPU.Build.0 = Debug|Any CPU
		{ED62FDAB-A828-4C68-B41F-A0B65A411BE0}.Release|Any CPU.ActiveCfg = Release|Any CPU
		{ED62FDAB-A828-4C68-B41F-A0B65A411BE0}.Release|Any CPU.Build.0 = Release|Any CPU
	EndGlobalSection
	GlobalSection(SolutionProperties) = preSolution
		HideSolutionNode = FALSE
	EndGlobalSection
	GlobalSection(ExtensibilityGlobals) = postSolution
		SolutionGuid = {96F0892C-36F3-42E8-BA55-5EC4213D3EA3}
	EndGlobalSection
EndGlobal
