
Microsoft Visual Studio Solution File, Format Version 12.00
# Visual Studio Version 17
VisualStudioVersion = 17.6.33801.468
MinimumVisualStudioVersion = 10.0.40219.1
Project("{FAE04EC0-301F-11D3-BF4B-00C04F79EFBC}") = "Ders_17_Bilgi_Yarışması_Oyunu", "Ders_17_Bilgi_Yarışması_Oyunu.csproj", "{98C49DA2-DA17-41C1-8223-47E3398F822E}"
EndProject
Global
	GlobalSection(SolutionConfigurationPlatforms) = preSolution
		Debug|Any CPU = Debug|Any CPU
		Release|Any CPU = Release|Any CPU
	EndGlobalSection
	GlobalSection(ProjectConfigurationPlatforms) = postSolution
		{98C49DA2-DA17-41C1-8223-47E3398F822E}.Debug|Any CPU.ActiveCfg = Debug|Any CPU
		{98C49DA2-DA17-41C1-8223-47E3398F822E}.Debug|Any CPU.Build.0 = Debug|Any CPU
		{98C49DA2-DA17-41C1-8223-47E3398F822E}.Release|Any CPU.ActiveCfg = Release|Any CPU
		{98C49DA2-DA17-41C1-8223-47E3398F822E}.Release|Any CPU.Build.0 = Release|Any CPU
	EndGlobalSection
	GlobalSection(SolutionProperties) = preSolution
		HideSolutionNode = FALSE
	EndGlobalSection
	GlobalSection(ExtensibilityGlobals) = postSolution
		SolutionGuid = {9564A1F9-CAF9-407C-AAE5-B44A34C1C044}
	EndGlobalSection
EndGlobal
