
Microsoft Visual Studio Solution File, Format Version 12.00
# Visual Studio Version 17
VisualStudioVersion = 17.6.33801.468
MinimumVisualStudioVersion = 10.0.40219.1
Project("{FAE04EC0-301F-11D3-BF4B-00C04F79EFBC}") = "UDEMY_Personel_Takip_Uygulaması", "UDEMY_Personel_Takip_Uygulaması.csproj", "{5785F0DF-ADC6-4A70-8A61-ECBC7C751D25}"
EndProject
Project("{FAE04EC0-301F-11D3-BF4B-00C04F79EFBC}") = "BLLL", "..\BLLL\BLLL.csproj", "{1B0DE001-67A5-4570-AB29-B3196982779E}"
EndProject
Project("{FAE04EC0-301F-11D3-BF4B-00C04F79EFBC}") = "DALLL", "..\DALLL\DALLL.csproj", "{AE8382A7-E2B0-4803-996E-F06E273A108A}"
EndProject
Global
	GlobalSection(SolutionConfigurationPlatforms) = preSolution
		Debug|Any CPU = Debug|Any CPU
		Release|Any CPU = Release|Any CPU
	EndGlobalSection
	GlobalSection(ProjectConfigurationPlatforms) = postSolution
		{5785F0DF-ADC6-4A70-8A61-ECBC7C751D25}.Debug|Any CPU.ActiveCfg = Debug|Any CPU
		{5785F0DF-ADC6-4A70-8A61-ECBC7C751D25}.Debug|Any CPU.Build.0 = Debug|Any CPU
		{5785F0DF-ADC6-4A70-8A61-ECBC7C751D25}.Release|Any CPU.ActiveCfg = Release|Any CPU
		{5785F0DF-ADC6-4A70-8A61-ECBC7C751D25}.Release|Any CPU.Build.0 = Release|Any CPU
		{1B0DE001-67A5-4570-AB29-B3196982779E}.Debug|Any CPU.ActiveCfg = Debug|Any CPU
		{1B0DE001-67A5-4570-AB29-B3196982779E}.Debug|Any CPU.Build.0 = Debug|Any CPU
		{1B0DE001-67A5-4570-AB29-B3196982779E}.Release|Any CPU.ActiveCfg = Release|Any CPU
		{1B0DE001-67A5-4570-AB29-B3196982779E}.Release|Any CPU.Build.0 = Release|Any CPU
		{AE8382A7-E2B0-4803-996E-F06E273A108A}.Debug|Any CPU.ActiveCfg = Debug|Any CPU
		{AE8382A7-E2B0-4803-996E-F06E273A108A}.Debug|Any CPU.Build.0 = Debug|Any CPU
		{AE8382A7-E2B0-4803-996E-F06E273A108A}.Release|Any CPU.ActiveCfg = Release|Any CPU
		{AE8382A7-E2B0-4803-996E-F06E273A108A}.Release|Any CPU.Build.0 = Release|Any CPU
	EndGlobalSection
	GlobalSection(SolutionProperties) = preSolution
		HideSolutionNode = FALSE
	EndGlobalSection
	GlobalSection(ExtensibilityGlobals) = postSolution
		SolutionGuid = {2C8F5686-E9B9-43BB-BB1F-DD325A156A25}
	EndGlobalSection
EndGlobal
