
Microsoft Visual Studio Solution File, Format Version 12.00
# Visual Studio Version 17
VisualStudioVersion = 17.6.33801.468
MinimumVisualStudioVersion = 10.0.40219.1
Project("{FAE04EC0-301F-11D3-BF4B-00C04F79EFBC}") = "7. ders ornek program-2", "7. ders ornek program-2.csproj", "{A821014A-BDEA-488B-BF39-FE882E88DC8B}"
EndProject
Global
	GlobalSection(SolutionConfigurationPlatforms) = preSolution
		Debug|Any CPU = Debug|Any CPU
		Release|Any CPU = Release|Any CPU
	EndGlobalSection
	GlobalSection(ProjectConfigurationPlatforms) = postSolution
		{A821014A-BDEA-488B-BF39-FE882E88DC8B}.Debug|Any CPU.ActiveCfg = Debug|Any CPU
		{A821014A-BDEA-488B-BF39-FE882E88DC8B}.Debug|Any CPU.Build.0 = Debug|Any CPU
		{A821014A-BDEA-488B-BF39-FE882E88DC8B}.Release|Any CPU.ActiveCfg = Release|Any CPU
		{A821014A-BDEA-488B-BF39-FE882E88DC8B}.Release|Any CPU.Build.0 = Release|Any CPU
	EndGlobalSection
	GlobalSection(SolutionProperties) = preSolution
		HideSolutionNode = FALSE
	EndGlobalSection
	GlobalSection(ExtensibilityGlobals) = postSolution
		SolutionGuid = {7413E1E1-F5EB-403B-8160-225309A26A9C}
	EndGlobalSection
EndGlobal
