
Microsoft Visual Studio Solution File, Format Version 12.00
# Visual Studio Version 17
VisualStudioVersion = 17.6.33801.468
MinimumVisualStudioVersion = 10.0.40219.1
Project("{FAE04EC0-301F-11D3-BF4B-00C04F79EFBC}") = "atlama_ifadeleri_ders-38", "atlama_ifadeleri_ders-38.csproj", "{5BFF3B20-C1A0-4DF3-999A-2E7125170927}"
EndProject
Global
	GlobalSection(SolutionConfigurationPlatforms) = preSolution
		Debug|Any CPU = Debug|Any CPU
		Release|Any CPU = Release|Any CPU
	EndGlobalSection
	GlobalSection(ProjectConfigurationPlatforms) = postSolution
		{5BFF3B20-C1A0-4DF3-999A-2E7125170927}.Debug|Any CPU.ActiveCfg = Debug|Any CPU
		{5BFF3B20-C1A0-4DF3-999A-2E7125170927}.Debug|Any CPU.Build.0 = Debug|Any CPU
		{5BFF3B20-C1A0-4DF3-999A-2E7125170927}.Release|Any CPU.ActiveCfg = Release|Any CPU
		{5BFF3B20-C1A0-4DF3-999A-2E7125170927}.Release|Any CPU.Build.0 = Release|Any CPU
	EndGlobalSection
	GlobalSection(SolutionProperties) = preSolution
		HideSolutionNode = FALSE
	EndGlobalSection
	GlobalSection(ExtensibilityGlobals) = postSolution
		SolutionGuid = {2AC69E4C-2697-4299-BB7F-B23E2E4A5865}
	EndGlobalSection
EndGlobal
