
Microsoft Visual Studio Solution File, Format Version 12.00
# Visual Studio Version 17
VisualStudioVersion = 17.6.33801.468
MinimumVisualStudioVersion = 10.0.40219.1
Project("{FAE04EC0-301F-11D3-BF4B-00C04F79EFBC}") = "form derleri6 double örnekleri", "form derleri6 double örnekleri.csproj", "{D21D4EB9-6D37-4444-B971-73A1E853ED15}"
EndProject
Global
	GlobalSection(SolutionConfigurationPlatforms) = preSolution
		Debug|Any CPU = Debug|Any CPU
		Release|Any CPU = Release|Any CPU
	EndGlobalSection
	GlobalSection(ProjectConfigurationPlatforms) = postSolution
		{D21D4EB9-6D37-4444-B971-73A1E853ED15}.Debug|Any CPU.ActiveCfg = Debug|Any CPU
		{D21D4EB9-6D37-4444-B971-73A1E853ED15}.Debug|Any CPU.Build.0 = Debug|Any CPU
		{D21D4EB9-6D37-4444-B971-73A1E853ED15}.Release|Any CPU.ActiveCfg = Release|Any CPU
		{D21D4EB9-6D37-4444-B971-73A1E853ED15}.Release|Any CPU.Build.0 = Release|Any CPU
	EndGlobalSection
	GlobalSection(SolutionProperties) = preSolution
		HideSolutionNode = FALSE
	EndGlobalSection
	GlobalSection(ExtensibilityGlobals) = postSolution
		SolutionGuid = {3BD71F5A-6B54-4657-A5B1-C9D4950F581F}
	EndGlobalSection
EndGlobal
