
Microsoft Visual Studio Solution File, Format Version 12.00
# Visual Studio Version 17
VisualStudioVersion = 17.6.33801.468
MinimumVisualStudioVersion = 10.0.40219.1
Project("{FAE04EC0-301F-11D3-BF4B-00C04F79EFBC}") = "Ders_32_OOP_Bölüm_1_Sınıflar_ve_Nesneler", "Ders_32_OOP_Bölüm_1_Sınıflar_ve_Nesneler.csproj", "{C84C824B-7A70-4ED9-B38A-3017D398EDDB}"
EndProject
Global
	GlobalSection(SolutionConfigurationPlatforms) = preSolution
		Debug|Any CPU = Debug|Any CPU
		Release|Any CPU = Release|Any CPU
	EndGlobalSection
	GlobalSection(ProjectConfigurationPlatforms) = postSolution
		{C84C824B-7A70-4ED9-B38A-3017D398EDDB}.Debug|Any CPU.ActiveCfg = Debug|Any CPU
		{C84C824B-7A70-4ED9-B38A-3017D398EDDB}.Debug|Any CPU.Build.0 = Debug|Any CPU
		{C84C824B-7A70-4ED9-B38A-3017D398EDDB}.Release|Any CPU.ActiveCfg = Release|Any CPU
		{C84C824B-7A70-4ED9-B38A-3017D398EDDB}.Release|Any CPU.Build.0 = Release|Any CPU
	EndGlobalSection
	GlobalSection(SolutionProperties) = preSolution
		HideSolutionNode = FALSE
	EndGlobalSection
	GlobalSection(ExtensibilityGlobals) = postSolution
		SolutionGuid = {0B9AEE3C-1421-41D0-933C-45E67F6C40BF}
	EndGlobalSection
EndGlobal
