
Microsoft Visual Studio Solution File, Format Version 12.00
# Visual Studio Version 17
VisualStudioVersion = 17.6.33801.468
MinimumVisualStudioVersion = 10.0.40219.1
Project("{FAE04EC0-301F-11D3-BF4B-00C04F79EFBC}") = "OOP_Property_ve_Field_Kavramları", "OOP_Property_ve_Field_Kavramları.csproj", "{E9023F18-AEAE-492E-B65B-40D6FF071681}"
EndProject
Global
	GlobalSection(SolutionConfigurationPlatforms) = preSolution
		Debug|Any CPU = Debug|Any CPU
		Release|Any CPU = Release|Any CPU
	EndGlobalSection
	GlobalSection(ProjectConfigurationPlatforms) = postSolution
		{E9023F18-AEAE-492E-B65B-40D6FF071681}.Debug|Any CPU.ActiveCfg = Debug|Any CPU
		{E9023F18-AEAE-492E-B65B-40D6FF071681}.Debug|Any CPU.Build.0 = Debug|Any CPU
		{E9023F18-AEAE-492E-B65B-40D6FF071681}.Release|Any CPU.ActiveCfg = Release|Any CPU
		{E9023F18-AEAE-492E-B65B-40D6FF071681}.Release|Any CPU.Build.0 = Release|Any CPU
	EndGlobalSection
	GlobalSection(SolutionProperties) = preSolution
		HideSolutionNode = FALSE
	EndGlobalSection
	GlobalSection(ExtensibilityGlobals) = postSolution
		SolutionGuid = {4F283EB0-B485-4E0E-9101-1DC7197DB298}
	EndGlobalSection
EndGlobal
