
Microsoft Visual Studio Solution File, Format Version 12.00
# Visual Studio Version 17
VisualStudioVersion = 17.6.33801.468
MinimumVisualStudioVersion = 10.0.40219.1
Project("{FAE04EC0-301F-11D3-BF4B-00C04F79EFBC}") = "Listbox_Object_ders-20", "Listbox_Object_ders-20.csproj", "{0A0DFAF7-59ED-480F-84BB-7DEDEED163DF}"
EndProject
Global
	GlobalSection(SolutionConfigurationPlatforms) = preSolution
		Debug|Any CPU = Debug|Any CPU
		Release|Any CPU = Release|Any CPU
	EndGlobalSection
	GlobalSection(ProjectConfigurationPlatforms) = postSolution
		{0A0DFAF7-59ED-480F-84BB-7DEDEED163DF}.Debug|Any CPU.ActiveCfg = Debug|Any CPU
		{0A0DFAF7-59ED-480F-84BB-7DEDEED163DF}.Debug|Any CPU.Build.0 = Debug|Any CPU
		{0A0DFAF7-59ED-480F-84BB-7DEDEED163DF}.Release|Any CPU.ActiveCfg = Release|Any CPU
		{0A0DFAF7-59ED-480F-84BB-7DEDEED163DF}.Release|Any CPU.Build.0 = Release|Any CPU
	EndGlobalSection
	GlobalSection(SolutionProperties) = preSolution
		HideSolutionNode = FALSE
	EndGlobalSection
	GlobalSection(ExtensibilityGlobals) = postSolution
		SolutionGuid = {DD364B43-D933-4377-B924-B7373EAFDC2D}
	EndGlobalSection
EndGlobal
