
Microsoft Visual Studio Solution File, Format Version 12.00
# Visual Studio Version 17
VisualStudioVersion = 17.6.33801.468
MinimumVisualStudioVersion = 10.0.40219.1
Project("{FAE04EC0-301F-11D3-BF4B-00C04F79EFBC}") = "not ortalaması", "not ortalaması.csproj", "{5E7A708E-9919-41B2-804E-8F52A8A23D4F}"
EndProject
Global
	GlobalSection(SolutionConfigurationPlatforms) = preSolution
		Debug|Any CPU = Debug|Any CPU
		Release|Any CPU = Release|Any CPU
	EndGlobalSection
	GlobalSection(ProjectConfigurationPlatforms) = postSolution
		{5E7A708E-9919-41B2-804E-8F52A8A23D4F}.Debug|Any CPU.ActiveCfg = Debug|Any CPU
		{5E7A708E-9919-41B2-804E-8F52A8A23D4F}.Debug|Any CPU.Build.0 = Debug|Any CPU
		{5E7A708E-9919-41B2-804E-8F52A8A23D4F}.Release|Any CPU.ActiveCfg = Release|Any CPU
		{5E7A708E-9919-41B2-804E-8F52A8A23D4F}.Release|Any CPU.Build.0 = Release|Any CPU
	EndGlobalSection
	GlobalSection(SolutionProperties) = preSolution
		HideSolutionNode = FALSE
	EndGlobalSection
	GlobalSection(ExtensibilityGlobals) = postSolution
		SolutionGuid = {41D02857-B1BB-45F7-8173-5B63ED7CBC3A}
	EndGlobalSection
EndGlobal
