
Microsoft Visual Studio Solution File, Format Version 12.00
# Visual Studio Version 17
VisualStudioVersion = 17.6.33801.468
MinimumVisualStudioVersion = 10.0.40219.1
Project("{FAE04EC0-301F-11D3-BF4B-00C04F79EFBC}") = "math_sınıfı_ve_kullanımı_ders-46", "math_sınıfı_ve_kullanımı_ders-46.csproj", "{CC13D89C-9339-4732-944F-19B9F0E60DB7}"
EndProject
Global
	GlobalSection(SolutionConfigurationPlatforms) = preSolution
		Debug|Any CPU = Debug|Any CPU
		Release|Any CPU = Release|Any CPU
	EndGlobalSection
	GlobalSection(ProjectConfigurationPlatforms) = postSolution
		{CC13D89C-9339-4732-944F-19B9F0E60DB7}.Debug|Any CPU.ActiveCfg = Debug|Any CPU
		{CC13D89C-9339-4732-944F-19B9F0E60DB7}.Debug|Any CPU.Build.0 = Debug|Any CPU
		{CC13D89C-9339-4732-944F-19B9F0E60DB7}.Release|Any CPU.ActiveCfg = Release|Any CPU
		{CC13D89C-9339-4732-944F-19B9F0E60DB7}.Release|Any CPU.Build.0 = Release|Any CPU
	EndGlobalSection
	GlobalSection(SolutionProperties) = preSolution
		HideSolutionNode = FALSE
	EndGlobalSection
	GlobalSection(ExtensibilityGlobals) = postSolution
		SolutionGuid = {4890F98D-B1C8-4F02-B971-B871C3BB2FEA}
	EndGlobalSection
EndGlobal
