
Microsoft Visual Studio Solution File, Format Version 12.00
# Visual Studio Version 17
VisualStudioVersion = 17.6.33801.468
MinimumVisualStudioVersion = 10.0.40219.1
Project("{FAE04EC0-301F-11D3-BF4B-00C04F79EFBC}") = "int hesap makinesi", "int hesap makinesi.csproj", "{B6EEFE44-62DD-4729-8905-904C9B9E6A37}"
EndProject
Global
	GlobalSection(SolutionConfigurationPlatforms) = preSolution
		Debug|Any CPU = Debug|Any CPU
		Release|Any CPU = Release|Any CPU
	EndGlobalSection
	GlobalSection(ProjectConfigurationPlatforms) = postSolution
		{B6EEFE44-62DD-4729-8905-904C9B9E6A37}.Debug|Any CPU.ActiveCfg = Debug|Any CPU
		{B6EEFE44-62DD-4729-8905-904C9B9E6A37}.Debug|Any CPU.Build.0 = Debug|Any CPU
		{B6EEFE44-62DD-4729-8905-904C9B9E6A37}.Release|Any CPU.ActiveCfg = Release|Any CPU
		{B6EEFE44-62DD-4729-8905-904C9B9E6A37}.Release|Any CPU.Build.0 = Release|Any CPU
	EndGlobalSection
	GlobalSection(SolutionProperties) = preSolution
		HideSolutionNode = FALSE
	EndGlobalSection
	GlobalSection(ExtensibilityGlobals) = postSolution
		SolutionGuid = {E48D10C7-8C80-477D-84D1-6244348F02BC}
	EndGlobalSection
EndGlobal
